
Microsoft Visual Studio Solution File, Format Version 12.00
# Visual Studio Version 16
VisualStudioVersion = 16.0.30907.101
MinimumVisualStudioVersion = 10.0.40219.1
Project("{9A19103F-16F7-4668-BE54-9A1E7A4F7556}") = "Assestment task", "Assestment task\Assestment task.csproj", "{8C9E9416-7087-42CC-A1E0-B16737E897E0}"
EndProject
Project("{FAE04EC0-301F-11D3-BF4B-00C04F79EFBC}") = "EmailService", "EmailService\EmailService.csproj", "{5EE7CF17-9E0C-43DB-B6D4-ABBC1769B13E}"
EndProject
Global
	GlobalSection(SolutionConfigurationPlatforms) = preSolution
		Debug|Any CPU = Debug|Any CPU
		Release|Any CPU = Release|Any CPU
	EndGlobalSection
	GlobalSection(ProjectConfigurationPlatforms) = postSolution
		{8C9E9416-7087-42CC-A1E0-B16737E897E0}.Debug|Any CPU.ActiveCfg = Debug|Any CPU
		{8C9E9416-7087-42CC-A1E0-B16737E897E0}.Debug|Any CPU.Build.0 = Debug|Any CPU
		{8C9E9416-7087-42CC-A1E0-B16737E897E0}.Release|Any CPU.ActiveCfg = Release|Any CPU
		{8C9E9416-7087-42CC-A1E0-B16737E897E0}.Release|Any CPU.Build.0 = Release|Any CPU
		{5EE7CF17-9E0C-43DB-B6D4-ABBC1769B13E}.Debug|Any CPU.ActiveCfg = Debug|Any CPU
		{5EE7CF17-9E0C-43DB-B6D4-ABBC1769B13E}.Debug|Any CPU.Build.0 = Debug|Any CPU
		{5EE7CF17-9E0C-43DB-B6D4-ABBC1769B13E}.Release|Any CPU.ActiveCfg = Release|Any CPU
		{5EE7CF17-9E0C-43DB-B6D4-ABBC1769B13E}.Release|Any CPU.Build.0 = Release|Any CPU
	EndGlobalSection
	GlobalSection(SolutionProperties) = preSolution
		HideSolutionNode = FALSE
	EndGlobalSection
	GlobalSection(ExtensibilityGlobals) = postSolution
		SolutionGuid = {01BDF63C-3D83-40E9-AC9C-3BE5535ACB60}
	EndGlobalSection
EndGlobal
